
Microsoft Visual Studio Solution File, Format Version 12.00
# Visual Studio Version 17
VisualStudioVersion = 17.3.32922.545
MinimumVisualStudioVersion = 10.0.40219.1
Project("{8BC9CEB8-8B4A-11D0-8D11-00A0C91BC942}") = "Project 3", "Project 3\Project 3.vcxproj", "{B5BC3F13-99E5-463B-9FEC-EDDAE72DED70}"
EndProject
Global
	GlobalSection(SolutionConfigurationPlatforms) = preSolution
		Debug|x64 = Debug|x64
		Debug|x86 = Debug|x86
		Release|x64 = Release|x64
		Release|x86 = Release|x86
	EndGlobalSection
	GlobalSection(ProjectConfigurationPlatforms) = postSolution
		{B5BC3F13-99E5-463B-9FEC-EDDAE72DED70}.Debug|x64.ActiveCfg = Debug|x64
		{B5BC3F13-99E5-463B-9FEC-EDDAE72DED70}.Debug|x64.Build.0 = Debug|x64
		{B5BC3F13-99E5-463B-9FEC-EDDAE72DED70}.Debug|x86.ActiveCfg = Debug|Win32
		{B5BC3F13-99E5-463B-9FEC-EDDAE72DED70}.Debug|x86.Build.0 = Debug|Win32
		{B5BC3F13-99E5-463B-9FEC-EDDAE72DED70}.Release|x64.ActiveCfg = Release|x64
		{B5BC3F13-99E5-463B-9FEC-EDDAE72DED70}.Release|x64.Build.0 = Release|x64
		{B5BC3F13-99E5-463B-9FEC-EDDAE72DED70}.Release|x86.ActiveCfg = Release|Win32
		{B5BC3F13-99E5-463B-9FEC-EDDAE72DED70}.Release|x86.Build.0 = Release|Win32
	EndGlobalSection
	GlobalSection(SolutionProperties) = preSolution
		HideSolutionNode = FALSE
	EndGlobalSection
	GlobalSection(ExtensibilityGlobals) = postSolution
		SolutionGuid = {5250C60A-7DAE-409C-803B-D182B6659443}
	EndGlobalSection
EndGlobal
